
Microsoft Visual Studio Solution File, Format Version 12.00
# Visual Studio Version 17
VisualStudioVersion = 17.7.34031.279
MinimumVisualStudioVersion = 10.0.40219.1
Project("{FAE04EC0-301F-11D3-BF4B-00C04F79EFBC}") = "EcommerceTask", "EcommerceTask\EcommerceTask.csproj", "{5A10F02B-4F93-481C-96FB-985868D33557}"
EndProject
Project("{FAE04EC0-301F-11D3-BF4B-00C04F79EFBC}") = "ECommerceDataAccess", "ECommerceDataAccess\ECommerceDataAccess.csproj", "{14348069-2924-4FBA-9CB7-E83EEACD8667}"
EndProject
Project("{FAE04EC0-301F-11D3-BF4B-00C04F79EFBC}") = "ECommerceDataModels", "ECommerceDataModels\ECommerceDataModels.csproj", "{E8863D5C-6A9F-4647-8C2C-F841BF9E9A7D}"
EndProject
Global
	GlobalSection(SolutionConfigurationPlatforms) = preSolution
		Debug|Any CPU = Debug|Any CPU
		Release|Any CPU = Release|Any CPU
	EndGlobalSection
	GlobalSection(ProjectConfigurationPlatforms) = postSolution
		{5A10F02B-4F93-481C-96FB-985868D33557}.Debug|Any CPU.ActiveCfg = Debug|Any CPU
		{5A10F02B-4F93-481C-96FB-985868D33557}.Debug|Any CPU.Build.0 = Debug|Any CPU
		{5A10F02B-4F93-481C-96FB-985868D33557}.Release|Any CPU.ActiveCfg = Release|Any CPU
		{5A10F02B-4F93-481C-96FB-985868D33557}.Release|Any CPU.Build.0 = Release|Any CPU
		{14348069-2924-4FBA-9CB7-E83EEACD8667}.Debug|Any CPU.ActiveCfg = Debug|Any CPU
		{14348069-2924-4FBA-9CB7-E83EEACD8667}.Debug|Any CPU.Build.0 = Debug|Any CPU
		{14348069-2924-4FBA-9CB7-E83EEACD8667}.Release|Any CPU.ActiveCfg = Release|Any CPU
		{14348069-2924-4FBA-9CB7-E83EEACD8667}.Release|Any CPU.Build.0 = Release|Any CPU
		{E8863D5C-6A9F-4647-8C2C-F841BF9E9A7D}.Debug|Any CPU.ActiveCfg = Debug|Any CPU
		{E8863D5C-6A9F-4647-8C2C-F841BF9E9A7D}.Debug|Any CPU.Build.0 = Debug|Any CPU
		{E8863D5C-6A9F-4647-8C2C-F841BF9E9A7D}.Release|Any CPU.ActiveCfg = Release|Any CPU
		{E8863D5C-6A9F-4647-8C2C-F841BF9E9A7D}.Release|Any CPU.Build.0 = Release|Any CPU
	EndGlobalSection
	GlobalSection(SolutionProperties) = preSolution
		HideSolutionNode = FALSE
	EndGlobalSection
	GlobalSection(ExtensibilityGlobals) = postSolution
		SolutionGuid = {D57055BB-CA5B-4352-AE5A-B6F2AB8BB59B}
	EndGlobalSection
EndGlobal
